
Microsoft Visual Studio Solution File, Format Version 12.00
# Visual Studio Version 17
VisualStudioVersion = 17.9.34622.214
MinimumVisualStudioVersion = 10.0.40219.1
Project("{FAE04EC0-301F-11D3-BF4B-00C04F79EFBC}") = "ScrapingFormProject", "ScrapingFormProject\ScrapingFormProject.csproj", "{C8D8FDBB-B8DD-4395-84A6-97A18C3581F0}"
EndProject
Global
	GlobalSection(SolutionConfigurationPlatforms) = preSolution
		Debug|Any CPU = Debug|Any CPU
		Release|Any CPU = Release|Any CPU
	EndGlobalSection
	GlobalSection(ProjectConfigurationPlatforms) = postSolution
		{C8D8FDBB-B8DD-4395-84A6-97A18C3581F0}.Debug|Any CPU.ActiveCfg = Debug|Any CPU
		{C8D8FDBB-B8DD-4395-84A6-97A18C3581F0}.Debug|Any CPU.Build.0 = Debug|Any CPU
		{C8D8FDBB-B8DD-4395-84A6-97A18C3581F0}.Release|Any CPU.ActiveCfg = Release|Any CPU
		{C8D8FDBB-B8DD-4395-84A6-97A18C3581F0}.Release|Any CPU.Build.0 = Release|Any CPU
	EndGlobalSection
	GlobalSection(SolutionProperties) = preSolution
		HideSolutionNode = FALSE
	EndGlobalSection
	GlobalSection(ExtensibilityGlobals) = postSolution
		SolutionGuid = {64DADCD9-46A9-4787-89BF-5FC30213266A}
	EndGlobalSection
EndGlobal
